{
  "name": "insta-hub",
  "version": "1.0.0",
  "lockfileVersion": 1,
  "requires": true,
  "dependencies": {
    "spotifyCurrentlyPlaying.js": {
      "version": "0.3.2",
      "resolved": "https://registry.npmjs.org/spotifyCurrentlyPlaying.js/-/spotifyCurrentlyPlaying.js-0.3.2.tgz",
      "integrity": "sha1-yUM/0QE/tk8RqTtWvuFtbJ9OZKE="
    }
  }
}
